
Microsoft Visual Studio Solution File, Format Version 12.00
# Visual Studio 15
VisualStudioVersion = 15.0.28307.1525
MinimumVisualStudioVersion = 10.0.40219.1
Project("{8BC9CEB8-8B4A-11D0-8D11-00A0C91BC942}") = "Hermes", "Hermes\Hermes.vcxproj", "{3DC64EFB-2E9F-459F-9AA6-12A0242E88A5}"
EndProject
Global
	GlobalSection(SolutionConfigurationPlatforms) = preSolution
		Debug|x64 = Debug|x64
		Debug|x86 = Debug|x86
		Release|x64 = Release|x64
		Release|x86 = Release|x86
	EndGlobalSection
	GlobalSection(ProjectConfigurationPlatforms) = postSolution
		{3DC64EFB-2E9F-459F-9AA6-12A0242E88A5}.Debug|x64.ActiveCfg = Debug|x64
		{3DC64EFB-2E9F-459F-9AA6-12A0242E88A5}.Debug|x64.Build.0 = Debug|x64
		{3DC64EFB-2E9F-459F-9AA6-12A0242E88A5}.Debug|x86.ActiveCfg = Debug|Win32
		{3DC64EFB-2E9F-459F-9AA6-12A0242E88A5}.Debug|x86.Build.0 = Debug|Win32
		{3DC64EFB-2E9F-459F-9AA6-12A0242E88A5}.Release|x64.ActiveCfg = Release|x64
		{3DC64EFB-2E9F-459F-9AA6-12A0242E88A5}.Release|x64.Build.0 = Release|x64
		{3DC64EFB-2E9F-459F-9AA6-12A0242E88A5}.Release|x86.ActiveCfg = Release|Win32
		{3DC64EFB-2E9F-459F-9AA6-12A0242E88A5}.Release|x86.Build.0 = Release|Win32
	EndGlobalSection
	GlobalSection(SolutionProperties) = preSolution
		HideSolutionNode = FALSE
	EndGlobalSection
	GlobalSection(ExtensibilityGlobals) = postSolution
		SolutionGuid = {2C157E1C-567C-423D-BCE6-7AC6C1D347E3}
	EndGlobalSection
EndGlobal
